
Microsoft Visual Studio Solution File, Format Version 12.00
# Visual Studio Version 16
VisualStudioVersion = 16.0.30011.22
MinimumVisualStudioVersion = 10.0.40219.1
Project("{FAE04EC0-301F-11D3-BF4B-00C04F79EFBC}") = "WindowsFormsLaba8", "WindowsFormsLaba8\WindowsFormsLaba8.csproj", "{2F3C26BA-7994-447D-8E14-437353640BBD}"
EndProject
Global
	GlobalSection(SolutionConfigurationPlatforms) = preSolution
		Debug|Any CPU = Debug|Any CPU
		Release|Any CPU = Release|Any CPU
	EndGlobalSection
	GlobalSection(ProjectConfigurationPlatforms) = postSolution
		{2F3C26BA-7994-447D-8E14-437353640BBD}.Debug|Any CPU.ActiveCfg = Debug|Any CPU
		{2F3C26BA-7994-447D-8E14-437353640BBD}.Debug|Any CPU.Build.0 = Debug|Any CPU
		{2F3C26BA-7994-447D-8E14-437353640BBD}.Release|Any CPU.ActiveCfg = Release|Any CPU
		{2F3C26BA-7994-447D-8E14-437353640BBD}.Release|Any CPU.Build.0 = Release|Any CPU
	EndGlobalSection
	GlobalSection(SolutionProperties) = preSolution
		HideSolutionNode = FALSE
	EndGlobalSection
	GlobalSection(ExtensibilityGlobals) = postSolution
		SolutionGuid = {D6803A5C-0954-42A6-B8C0-BC123B98076B}
	EndGlobalSection
EndGlobal
